
Microsoft Visual Studio Solution File, Format Version 12.00
# Visual Studio Version 16
VisualStudioVersion = 16.0.30804.86
MinimumVisualStudioVersion = 10.0.40219.1
Project("{FAE04EC0-301F-11D3-BF4B-00C04F79EFBC}") = "AutoClicker", "AutoClicker\AutoClicker.csproj", "{D9EB2D62-C33D-451B-AF30-C6D571F18451}"
EndProject
Global
	GlobalSection(SolutionConfigurationPlatforms) = preSolution
		Debug|Any CPU = Debug|Any CPU
		Release|Any CPU = Release|Any CPU
	EndGlobalSection
	GlobalSection(ProjectConfigurationPlatforms) = postSolution
		{D9EB2D62-C33D-451B-AF30-C6D571F18451}.Debug|Any CPU.ActiveCfg = Debug|Any CPU
		{D9EB2D62-C33D-451B-AF30-C6D571F18451}.Debug|Any CPU.Build.0 = Debug|Any CPU
		{D9EB2D62-C33D-451B-AF30-C6D571F18451}.Release|Any CPU.ActiveCfg = Release|Any CPU
		{D9EB2D62-C33D-451B-AF30-C6D571F18451}.Release|Any CPU.Build.0 = Release|Any CPU
	EndGlobalSection
	GlobalSection(SolutionProperties) = preSolution
		HideSolutionNode = FALSE
	EndGlobalSection
	GlobalSection(ExtensibilityGlobals) = postSolution
		SolutionGuid = {9156DFF9-6616-46DB-A6F1-11DBFCE66878}
	EndGlobalSection
EndGlobal
